
Microsoft Visual Studio Solution File, Format Version 12.00
# Visual Studio 2012
Project("{8BC9CEB8-8B4A-11D0-8D11-00A0C91BC942}") = "Project14_box2d_circle", "Project14_box2d_circle\Project14_box2d_circle.vcxproj", "{0625F7BD-688F-40EE-9EA7-F104122B210E}"
EndProject
Global
	GlobalSection(SolutionConfigurationPlatforms) = preSolution
		Debug|Win32 = Debug|Win32
		Release|Win32 = Release|Win32
	EndGlobalSection
	GlobalSection(ProjectConfigurationPlatforms) = postSolution
		{0625F7BD-688F-40EE-9EA7-F104122B210E}.Debug|Win32.ActiveCfg = Debug|Win32
		{0625F7BD-688F-40EE-9EA7-F104122B210E}.Debug|Win32.Build.0 = Debug|Win32
		{0625F7BD-688F-40EE-9EA7-F104122B210E}.Release|Win32.ActiveCfg = Release|Win32
		{0625F7BD-688F-40EE-9EA7-F104122B210E}.Release|Win32.Build.0 = Release|Win32
	EndGlobalSection
	GlobalSection(SolutionProperties) = preSolution
		HideSolutionNode = FALSE
	EndGlobalSection
EndGlobal
